dependencies:
  espressif/led_strip:
    component_hash: 28c6509a727ef74925b372ed404772aeedf11cce10b78c3f69b3c66799095e2d
    source:
      service_url: https://api.components.espressif.com/
      type: service
    version: 2.5.5
  idf:
    component_hash: null
    source:
      type: idf
    version: 5.1.1
manifest_hash: 1f856982e60973d87916027ad805cc2a00dcd657aaf85447724f16fb718a25e6
target: esp32s3
version: 1.0.0
